{
  "originHash" : "a72b37d142139a9f8de021ec1a2d4e7ec2a7ffc9ebc87493f58bac80a85691cb",
  "pins" : [
    {
      "identity" : "sentry-cocoa",
      "kind" : "remoteSourceControl",
      "location" : "https://github.com/getsentry/sentry-cocoa",
      "state" : {
        "revision" : "7238c483dca47b5419e42dec1906f6f2d5cd3630",
        "version" : "8.58.1"
      }
    }
  ],
  "version" : 3
}
